
Microsoft Visual Studio Solution File, Format Version 12.00
Project("{FAE04EC0-301F-11D3-BF4B-00C04F79EFBC}") = "ReflexeBlazor", "ReflexeBlazor\ReflexeBlazor.csproj", "{4A9741C3-334B-49F0-8A6E-D411F9957465}"
EndProject
Global
	GlobalSection(SolutionConfigurationPlatforms) = preSolution
		Debug|Any CPU = Debug|Any CPU
		Release|Any CPU = Release|Any CPU
	EndGlobalSection
	GlobalSection(ProjectConfigurationPlatforms) = postSolution
		{4A9741C3-334B-49F0-8A6E-D411F9957465}.Debug|Any CPU.ActiveCfg = Debug|Any CPU
		{4A9741C3-334B-49F0-8A6E-D411F9957465}.Debug|Any CPU.Build.0 = Debug|Any CPU
		{4A9741C3-334B-49F0-8A6E-D411F9957465}.Release|Any CPU.ActiveCfg = Release|Any CPU
		{4A9741C3-334B-49F0-8A6E-D411F9957465}.Release|Any CPU.Build.0 = Release|Any CPU
	EndGlobalSection
EndGlobal
